{
  "object": {
    "pins": [
      {
        "package": "Alamofire",
        "repositoryURL": "https://github.com/Alamofire/Alamofire.git",
        "state": {
          "branch": null,
          "revision": "d120af1e8638c7da36c8481fd61a66c0c08dc4fc",
          "version": "5.4.4"
        }
      },
      {
        "package": "KRActivityIndicatorView",
        "repositoryURL": "https://github.com/krimpedance/KRActivityIndicatorView.git",
        "state": {
          "branch": null,
          "revision": "bcb0e841d6de0cd343a32bd5056580a56d06c0bc",
          "version": "3.0.7"
        }
      },
      {
        "package": "KRProgressHUD",
        "repositoryURL": "https://github.com/krimpedance/KRProgressHUD.git",
        "state": {
          "branch": null,
          "revision": "265142816d8f8ea93840accaf4ac7c49998e77c2",
          "version": "3.4.7"
        }
      },
      {
        "package": "Mux_Package",
        "repositoryURL": "https://github.com/akashmagnifiquesystems/Mux_Package.git",
        "state": {
          "branch": null,
          "revision": "5472648102c92fe735cd8bba81f71ee0cbb25a3d",
          "version": "1.0.1"
        }
      }
    ]
  },
  "version": 1
}
